
Microsoft Visual Studio Solution File, Format Version 12.00
# Visual Studio Version 17
VisualStudioVersion = 17.0.31903.59
MinimumVisualStudioVersion = 10.0.40219.1
Project("{9A19103F-16F7-4668-BE54-9A1E7A4F7556}") = "AoC.Scanner", "AoC.Scanner\AoC.Scanner.csproj", "{369DC7AF-B515-4D3F-AF8C-FADE053F78DC}"
EndProject
Project("{2150E333-8FDC-42A3-9474-1A3956D46DE8}") = "Tests", "Tests", "{0D1610EC-E7C5-411A-9B01-CAB08A9162E9}"
EndProject
Project("{9A19103F-16F7-4668-BE54-9A1E7A4F7556}") = "AoC.Scanner.Tests", "AoC.Scanner.Tests\AoC.Scanner.Tests.csproj", "{B2B81D0E-372E-41E3-9E5E-DD6A01051319}"
EndProject
Project("{2150E333-8FDC-42A3-9474-1A3956D46DE8}") = "Output", "Output", "{8D5D365D-26A3-41C2-B9ED-389CED4F5567}"
EndProject
Project("{9A19103F-16F7-4668-BE54-9A1E7A4F7556}") = "AoC.Day01", "AoC.Day01\AoC.Day01.csproj", "{B0C72296-E99A-4C7B-A577-5C7EDFD37207}"
EndProject
Project("{9A19103F-16F7-4668-BE54-9A1E7A4F7556}") = "AoC.Navigation", "AoC.Navigation\AoC.Navigation.csproj", "{CC74B12C-9B4F-48BE-871F-E31BABBDE9F2}"
EndProject
Project("{9A19103F-16F7-4668-BE54-9A1E7A4F7556}") = "AoC.Navigation.Tests", "AoC.Navigation.Tests\AoC.Navigation.Tests.csproj", "{1918E032-2D71-4CC4-B48A-02E3CDC06422}"
EndProject
Project("{9A19103F-16F7-4668-BE54-9A1E7A4F7556}") = "AoC.Day02", "AoC.Day02\AoC.Day02.csproj", "{FE15423F-E128-4EFB-84F5-009D571C1943}"
EndProject
Project("{2150E333-8FDC-42A3-9474-1A3956D46DE8}") = "Common", "Common", "{BBA96D11-1237-417F-89E5-D8002DCD34CE}"
EndProject
Project("{FAE04EC0-301F-11D3-BF4B-00C04F79EFBC}") = "AoC.Common.IO", "AoC.Common.IO\AoC.Common.IO.csproj", "{7F71B400-C093-4DB3-8682-ED8E987D986D}"
EndProject
Project("{2150E333-8FDC-42A3-9474-1A3956D46DE8}") = "Tests", "Tests", "{66C66C3D-17D1-4711-BC1B-A4CB850D982A}"
EndProject
Project("{FAE04EC0-301F-11D3-BF4B-00C04F79EFBC}") = "AoC.Common.IO.Tests", "AoC.Common.IO.Tests\AoC.Common.IO.Tests.csproj", "{1A3D21E9-0D6A-44FE-91E2-31694BC718D5}"
EndProject
Project("{FAE04EC0-301F-11D3-BF4B-00C04F79EFBC}") = "AoC.Day03", "AoC.Day03\AoC.Day03.csproj", "{3C598775-5A31-400F-BCBE-DE933440D4A3}"
EndProject
Project("{FAE04EC0-301F-11D3-BF4B-00C04F79EFBC}") = "AoC.Diagnostics", "AoC.Diagnostics\AoC.Diagnostics.csproj", "{0AB5189A-ADB3-48B8-AC1B-81F83BB74E04}"
EndProject
Project("{FAE04EC0-301F-11D3-BF4B-00C04F79EFBC}") = "AoC.Diagnostics.Tests", "AoC.Diagnostics.Tests\AoC.Diagnostics.Tests.csproj", "{15223ACE-FDF4-4EA6-961A-E973B11BC005}"
EndProject
Global
	GlobalSection(SolutionConfigurationPlatforms) = preSolution
		Debug|Any CPU = Debug|Any CPU
		Release|Any CPU = Release|Any CPU
	EndGlobalSection
	GlobalSection(ProjectConfigurationPlatforms) = postSolution
		{369DC7AF-B515-4D3F-AF8C-FADE053F78DC}.Debug|Any CPU.ActiveCfg = Debug|Any CPU
		{369DC7AF-B515-4D3F-AF8C-FADE053F78DC}.Debug|Any CPU.Build.0 = Debug|Any CPU
		{369DC7AF-B515-4D3F-AF8C-FADE053F78DC}.Release|Any CPU.ActiveCfg = Release|Any CPU
		{369DC7AF-B515-4D3F-AF8C-FADE053F78DC}.Release|Any CPU.Build.0 = Release|Any CPU
		{B2B81D0E-372E-41E3-9E5E-DD6A01051319}.Debug|Any CPU.ActiveCfg = Debug|Any CPU
		{B2B81D0E-372E-41E3-9E5E-DD6A01051319}.Debug|Any CPU.Build.0 = Debug|Any CPU
		{B2B81D0E-372E-41E3-9E5E-DD6A01051319}.Release|Any CPU.ActiveCfg = Release|Any CPU
		{B2B81D0E-372E-41E3-9E5E-DD6A01051319}.Release|Any CPU.Build.0 = Release|Any CPU
		{B0C72296-E99A-4C7B-A577-5C7EDFD37207}.Debug|Any CPU.ActiveCfg = Debug|Any CPU
		{B0C72296-E99A-4C7B-A577-5C7EDFD37207}.Debug|Any CPU.Build.0 = Debug|Any CPU
		{B0C72296-E99A-4C7B-A577-5C7EDFD37207}.Release|Any CPU.ActiveCfg = Release|Any CPU
		{B0C72296-E99A-4C7B-A577-5C7EDFD37207}.Release|Any CPU.Build.0 = Release|Any CPU
		{CC74B12C-9B4F-48BE-871F-E31BABBDE9F2}.Debug|Any CPU.ActiveCfg = Debug|Any CPU
		{CC74B12C-9B4F-48BE-871F-E31BABBDE9F2}.Debug|Any CPU.Build.0 = Debug|Any CPU
		{CC74B12C-9B4F-48BE-871F-E31BABBDE9F2}.Release|Any CPU.ActiveCfg = Release|Any CPU
		{CC74B12C-9B4F-48BE-871F-E31BABBDE9F2}.Release|Any CPU.Build.0 = Release|Any CPU
		{1918E032-2D71-4CC4-B48A-02E3CDC06422}.Debug|Any CPU.ActiveCfg = Debug|Any CPU
		{1918E032-2D71-4CC4-B48A-02E3CDC06422}.Debug|Any CPU.Build.0 = Debug|Any CPU
		{1918E032-2D71-4CC4-B48A-02E3CDC06422}.Release|Any CPU.ActiveCfg = Release|Any CPU
		{1918E032-2D71-4CC4-B48A-02E3CDC06422}.Release|Any CPU.Build.0 = Release|Any CPU
		{FE15423F-E128-4EFB-84F5-009D571C1943}.Debug|Any CPU.ActiveCfg = Debug|Any CPU
		{FE15423F-E128-4EFB-84F5-009D571C1943}.Debug|Any CPU.Build.0 = Debug|Any CPU
		{FE15423F-E128-4EFB-84F5-009D571C1943}.Release|Any CPU.ActiveCfg = Release|Any CPU
		{FE15423F-E128-4EFB-84F5-009D571C1943}.Release|Any CPU.Build.0 = Release|Any CPU
		{7F71B400-C093-4DB3-8682-ED8E987D986D}.Debug|Any CPU.ActiveCfg = Debug|Any CPU
		{7F71B400-C093-4DB3-8682-ED8E987D986D}.Debug|Any CPU.Build.0 = Debug|Any CPU
		{7F71B400-C093-4DB3-8682-ED8E987D986D}.Release|Any CPU.ActiveCfg = Release|Any CPU
		{7F71B400-C093-4DB3-8682-ED8E987D986D}.Release|Any CPU.Build.0 = Release|Any CPU
		{1A3D21E9-0D6A-44FE-91E2-31694BC718D5}.Debug|Any CPU.ActiveCfg = Debug|Any CPU
		{1A3D21E9-0D6A-44FE-91E2-31694BC718D5}.Debug|Any CPU.Build.0 = Debug|Any CPU
		{1A3D21E9-0D6A-44FE-91E2-31694BC718D5}.Release|Any CPU.ActiveCfg = Release|Any CPU
		{1A3D21E9-0D6A-44FE-91E2-31694BC718D5}.Release|Any CPU.Build.0 = Release|Any CPU
		{3C598775-5A31-400F-BCBE-DE933440D4A3}.Debug|Any CPU.ActiveCfg = Debug|Any CPU
		{3C598775-5A31-400F-BCBE-DE933440D4A3}.Debug|Any CPU.Build.0 = Debug|Any CPU
		{3C598775-5A31-400F-BCBE-DE933440D4A3}.Release|Any CPU.ActiveCfg = Release|Any CPU
		{3C598775-5A31-400F-BCBE-DE933440D4A3}.Release|Any CPU.Build.0 = Release|Any CPU
		{0AB5189A-ADB3-48B8-AC1B-81F83BB74E04}.Debug|Any CPU.ActiveCfg = Debug|Any CPU
		{0AB5189A-ADB3-48B8-AC1B-81F83BB74E04}.Debug|Any CPU.Build.0 = Debug|Any CPU
		{0AB5189A-ADB3-48B8-AC1B-81F83BB74E04}.Release|Any CPU.ActiveCfg = Release|Any CPU
		{0AB5189A-ADB3-48B8-AC1B-81F83BB74E04}.Release|Any CPU.Build.0 = Release|Any CPU
		{15223ACE-FDF4-4EA6-961A-E973B11BC005}.Debug|Any CPU.ActiveCfg = Debug|Any CPU
		{15223ACE-FDF4-4EA6-961A-E973B11BC005}.Debug|Any CPU.Build.0 = Debug|Any CPU
		{15223ACE-FDF4-4EA6-961A-E973B11BC005}.Release|Any CPU.ActiveCfg = Release|Any CPU
		{15223ACE-FDF4-4EA6-961A-E973B11BC005}.Release|Any CPU.Build.0 = Release|Any CPU
	EndGlobalSection
	GlobalSection(SolutionProperties) = preSolution
		HideSolutionNode = FALSE
	EndGlobalSection
	GlobalSection(NestedProjects) = preSolution
		{B2B81D0E-372E-41E3-9E5E-DD6A01051319} = {0D1610EC-E7C5-411A-9B01-CAB08A9162E9}
		{B0C72296-E99A-4C7B-A577-5C7EDFD37207} = {8D5D365D-26A3-41C2-B9ED-389CED4F5567}
		{1918E032-2D71-4CC4-B48A-02E3CDC06422} = {0D1610EC-E7C5-411A-9B01-CAB08A9162E9}
		{FE15423F-E128-4EFB-84F5-009D571C1943} = {8D5D365D-26A3-41C2-B9ED-389CED4F5567}
		{7F71B400-C093-4DB3-8682-ED8E987D986D} = {BBA96D11-1237-417F-89E5-D8002DCD34CE}
		{66C66C3D-17D1-4711-BC1B-A4CB850D982A} = {BBA96D11-1237-417F-89E5-D8002DCD34CE}
		{1A3D21E9-0D6A-44FE-91E2-31694BC718D5} = {66C66C3D-17D1-4711-BC1B-A4CB850D982A}
		{3C598775-5A31-400F-BCBE-DE933440D4A3} = {8D5D365D-26A3-41C2-B9ED-389CED4F5567}
		{15223ACE-FDF4-4EA6-961A-E973B11BC005} = {0D1610EC-E7C5-411A-9B01-CAB08A9162E9}
	EndGlobalSection
	GlobalSection(ExtensibilityGlobals) = postSolution
		SolutionGuid = {029A36E7-E005-4F4F-9749-098530074526}
	EndGlobalSection
EndGlobal
